// !$*UTF8*$!
{
	archiveVersion = 1;
	classes = {
	};
	objectVersion = 56;
	objects = {

/* Begin PBXBuildFile section */
		30AA50C22ABA9DAB00DB26CB /* RxSwift in Frameworks */ = {isa = PBXBuildFile; productRef = 30AA50C12ABA9DAB00DB26CB /* RxSwift */; };
		30AA50C52ABA9E2F00DB26CB /* PersonsListDaoRepo.swift in Sources */ = {isa = PBXBuildFile; fileRef = 30AA50C42ABA9E2F00DB26CB /* PersonsListDaoRepo.swift */; };
		30AA50C82ABA9E9500DB26CB /* MainPageViewModel.swift in Sources */ = {isa = PBXBuildFile; fileRef = 30AA50C72ABA9E9500DB26CB /* MainPageViewModel.swift */; };
		30AA50CA2ABA9F0000DB26CB /* PersonsRegistrationViewModel.swift in Sources */ = {isa = PBXBuildFile; fileRef = 30AA50C92ABA9F0000DB26CB /* PersonsRegistrationViewModel.swift */; };
		30AA50CC2ABA9F3800DB26CB /* PersonsDetailsViewModel.swift in Sources */ = {isa = PBXBuildFile; fileRef = 30AA50CB2ABA9F3800DB26CB /* PersonsDetailsViewModel.swift */; };
		30AADBCA2AB7B08800ED03FC /* AppDelegate.swift in Sources */ = {isa = PBXBuildFile; fileRef = 30AADBC92AB7B08800ED03FC /* AppDelegate.swift */; };
		30AADBCC2AB7B08800ED03FC /* SceneDelegate.swift in Sources */ = {isa = PBXBuildFile; fileRef = 30AADBCB2AB7B08800ED03FC /* SceneDelegate.swift */; };
		30AADBCE2AB7B08800ED03FC /* MainPage.swift in Sources */ = {isa = PBXBuildFile; fileRef = 30AADBCD2AB7B08800ED03FC /* MainPage.swift */; };
		30AADBD12AB7B08800ED03FC /* Main.storyboard in Resources */ = {isa = PBXBuildFile; fileRef = 30AADBCF2AB7B08800ED03FC /* Main.storyboard */; };
		30AADBD32AB7B08900ED03FC /* Assets.xcassets in Resources */ = {isa = PBXBuildFile; fileRef = 30AADBD22AB7B08900ED03FC /* Assets.xcassets */; };
		30AADBD62AB7B08900ED03FC /* LaunchScreen.storyboard in Resources */ = {isa = PBXBuildFile; fileRef = 30AADBD42AB7B08900ED03FC /* LaunchScreen.storyboard */; };
		30AADBE42AB7E1E800ED03FC /* PersonRegistration.swift in Sources */ = {isa = PBXBuildFile; fileRef = 30AADBE32AB7E1E800ED03FC /* PersonRegistration.swift */; };
		30AADBE62AB7E21100ED03FC /* PersonDetails.swift in Sources */ = {isa = PBXBuildFile; fileRef = 30AADBE52AB7E21100ED03FC /* PersonDetails.swift */; };
		30AADBEA2AB7E30A00ED03FC /* Persons.swift in Sources */ = {isa = PBXBuildFile; fileRef = 30AADBE92AB7E30A00ED03FC /* Persons.swift */; };
		30B8F35E2AB8138300E8D971 /* PersonCell.swift in Sources */ = {isa = PBXBuildFile; fileRef = 30B8F35D2AB8138300E8D971 /* PersonCell.swift */; };
/* End PBXBuildFile section */

/* Begin PBXFileReference section */
		30AA50C42ABA9E2F00DB26CB /* PersonsListDaoRepo.swift */ = {isa = PBXFileReference; lastKnownFileType = sourcecode.swift; path = PersonsListDaoRepo.swift; sourceTree = "<group>"; };
		30AA50C72ABA9E9500DB26CB /* MainPageViewModel.swift */ = {isa = PBXFileReference; lastKnownFileType = sourcecode.swift; path = MainPageViewModel.swift; sourceTree = "<group>"; };
		30AA50C92ABA9F0000DB26CB /* PersonsRegistrationViewModel.swift */ = {isa = PBXFileReference; lastKnownFileType = sourcecode.swift; path = PersonsRegistrationViewModel.swift; sourceTree = "<group>"; };
		30AA50CB2ABA9F3800DB26CB /* PersonsDetailsViewModel.swift */ = {isa = PBXFileReference; lastKnownFileType = sourcecode.swift; path = PersonsDetailsViewModel.swift; sourceTree = "<group>"; };
		30AADBC62AB7B08800ED03FC /* PersonListApp.app */ = {isa = PBXFileReference; explicitFileType = wrapper.application; includeInIndex = 0; path = PersonListApp.app; sourceTree = BUILT_PRODUCTS_DIR; };
		30AADBC92AB7B08800ED03FC /* AppDelegate.swift */ = {isa = PBXFileReference; lastKnownFileType = sourcecode.swift; path = AppDelegate.swift; sourceTree = "<group>"; };
		30AADBCB2AB7B08800ED03FC /* SceneDelegate.swift */ = {isa = PBXFileReference; lastKnownFileType = sourcecode.swift; path = SceneDelegate.swift; sourceTree = "<group>"; };
		30AADBCD2AB7B08800ED03FC /* MainPage.swift */ = {isa = PBXFileReference; lastKnownFileType = sourcecode.swift; path = MainPage.swift; sourceTree = "<group>"; };
		30AADBD02AB7B08800ED03FC /* Base */ = {isa = PBXFileReference; lastKnownFileType = file.storyboard; name = Base; path = Base.lproj/Main.storyboard; sourceTree = "<group>"; };
		30AADBD22AB7B08900ED03FC /* Assets.xcassets */ = {isa = PBXFileReference; lastKnownFileType = folder.assetcatalog; path = Assets.xcassets; sourceTree = "<group>"; };
		30AADBD52AB7B08900ED03FC /* Base */ = {isa = PBXFileReference; lastKnownFileType = file.storyboard; name = Base; path = Base.lproj/LaunchScreen.storyboard; sourceTree = "<group>"; };
		30AADBD72AB7B08900ED03FC /* Info.plist */ = {isa = PBXFileReference; lastKnownFileType = text.plist.xml; path = Info.plist; sourceTree = "<group>"; };
		30AADBE32AB7E1E800ED03FC /* PersonRegistration.swift */ = {isa = PBXFileReference; lastKnownFileType = sourcecode.swift; path = PersonRegistration.swift; sourceTree = "<group>"; };
		30AADBE52AB7E21100ED03FC /* PersonDetails.swift */ = {isa = PBXFileReference; lastKnownFileType = sourcecode.swift; path = PersonDetails.swift; sourceTree = "<group>"; };
		30AADBE92AB7E30A00ED03FC /* Persons.swift */ = {isa = PBXFileReference; lastKnownFileType = sourcecode.swift; path = Persons.swift; sourceTree = "<group>"; };
		30B8F35D2AB8138300E8D971 /* PersonCell.swift */ = {isa = PBXFileReference; lastKnownFileType = sourcecode.swift; path = PersonCell.swift; sourceTree = "<group>"; };
/* End PBXFileReference section */

/* Begin PBXFrameworksBuildPhase section */
		30AADBC32AB7B08800ED03FC /* Frameworks */ = {
			isa = PBXFrameworksBuildPhase;
			buildActionMask = 2147483647;
			files = (
				30AA50C22ABA9DAB00DB26CB /* RxSwift in Frameworks */,
			);
			runOnlyForDeploymentPostprocessing = 0;
		};
/* End PBXFrameworksBuildPhase section */

/* Begin PBXGroup section */
		30AA50C32ABA9DD900DB26CB /* Repository */ = {
			isa = PBXGroup;
			children = (
				30AA50C42ABA9E2F00DB26CB /* PersonsListDaoRepo.swift */,
			);
			path = Repository;
			sourceTree = "<group>";
		};
		30AA50C62ABA9E6E00DB26CB /* ViewModel */ = {
			isa = PBXGroup;
			children = (
				30AA50C72ABA9E9500DB26CB /* MainPageViewModel.swift */,
				30AA50C92ABA9F0000DB26CB /* PersonsRegistrationViewModel.swift */,
				30AA50CB2ABA9F3800DB26CB /* PersonsDetailsViewModel.swift */,
			);
			path = ViewModel;
			sourceTree = "<group>";
		};
		30AADBBD2AB7B08800ED03FC = {
			isa = PBXGroup;
			children = (
				30AADBC82AB7B08800ED03FC /* PersonListApp */,
				30AADBC72AB7B08800ED03FC /* Products */,
			);
			sourceTree = "<group>";
		};
		30AADBC72AB7B08800ED03FC /* Products */ = {
			isa = PBXGroup;
			children = (
				30AADBC62AB7B08800ED03FC /* PersonListApp.app */,
			);
			name = Products;
			sourceTree = "<group>";
		};
		30AADBC82AB7B08800ED03FC /* PersonListApp */ = {
			isa = PBXGroup;
			children = (
				30AADBC92AB7B08800ED03FC /* AppDelegate.swift */,
				30AADBCB2AB7B08800ED03FC /* SceneDelegate.swift */,
				30AADBE02AB7BBD000ED03FC /* Data */,
				30AADBDF2AB7B0EA00ED03FC /* StoryBoard */,
				30AADBDE2AB7B0DF00ED03FC /* UI */,
				30AADBDD2AB7B0CE00ED03FC /* SupportingFiles */,
			);
			path = PersonListApp;
			sourceTree = "<group>";
		};
		30AADBDD2AB7B0CE00ED03FC /* SupportingFiles */ = {
			isa = PBXGroup;
			children = (
				30AADBD22AB7B08900ED03FC /* Assets.xcassets */,
				30AADBD42AB7B08900ED03FC /* LaunchScreen.storyboard */,
				30AADBD72AB7B08900ED03FC /* Info.plist */,
			);
			path = SupportingFiles;
			sourceTree = "<group>";
		};
		30AADBDE2AB7B0DF00ED03FC /* UI */ = {
			isa = PBXGroup;
			children = (
				30AA50C62ABA9E6E00DB26CB /* ViewModel */,
				30B8F35C2AB8133A00E8D971 /* TableView */,
				30B8F35B2AB8130C00E8D971 /* Views */,
			);
			path = UI;
			sourceTree = "<group>";
		};
		30AADBDF2AB7B0EA00ED03FC /* StoryBoard */ = {
			isa = PBXGroup;
			children = (
				30AADBCF2AB7B08800ED03FC /* Main.storyboard */,
			);
			path = StoryBoard;
			sourceTree = "<group>";
		};
		30AADBE02AB7BBD000ED03FC /* Data */ = {
			isa = PBXGroup;
			children = (
				30AA50C32ABA9DD900DB26CB /* Repository */,
				30AADBE12AB7BBDD00ED03FC /* Entity */,
			);
			path = Data;
			sourceTree = "<group>";
		};
		30AADBE12AB7BBDD00ED03FC /* Entity */ = {
			isa = PBXGroup;
			children = (
				30AADBE92AB7E30A00ED03FC /* Persons.swift */,
			);
			path = Entity;
			sourceTree = "<group>";
		};
		30B8F35B2AB8130C00E8D971 /* Views */ = {
			isa = PBXGroup;
			children = (
				30AADBCD2AB7B08800ED03FC /* MainPage.swift */,
				30AADBE32AB7E1E800ED03FC /* PersonRegistration.swift */,
				30AADBE52AB7E21100ED03FC /* PersonDetails.swift */,
			);
			path = Views;
			sourceTree = "<group>";
		};
		30B8F35C2AB8133A00E8D971 /* TableView */ = {
			isa = PBXGroup;
			children = (
				30B8F35D2AB8138300E8D971 /* PersonCell.swift */,
			);
			path = TableView;
			sourceTree = "<group>";
		};
/* End PBXGroup section */

/* Begin PBXNativeTarget section */
		30AADBC52AB7B08800ED03FC /* PersonListApp */ = {
			isa = PBXNativeTarget;
			buildConfigurationList = 30AADBDA2AB7B08900ED03FC /* Build configuration list for PBXNativeTarget "PersonListApp" */;
			buildPhases = (
				30AADBC22AB7B08800ED03FC /* Sources */,
				30AADBC32AB7B08800ED03FC /* Frameworks */,
				30AADBC42AB7B08800ED03FC /* Resources */,
			);
			buildRules = (
			);
			dependencies = (
			);
			name = PersonListApp;
			packageProductDependencies = (
				30AA50C12ABA9DAB00DB26CB /* RxSwift */,
			);
			productName = PersonListApp;
			productReference = 30AADBC62AB7B08800ED03FC /* PersonListApp.app */;
			productType = "com.apple.product-type.application";
		};
/* End PBXNativeTarget section */

/* Begin PBXProject section */
		30AADBBE2AB7B08800ED03FC /* Project object */ = {
			isa = PBXProject;
			attributes = {
				BuildIndependentTargetsInParallel = 1;
				LastSwiftUpdateCheck = 1430;
				LastUpgradeCheck = 1430;
				TargetAttributes = {
					30AADBC52AB7B08800ED03FC = {
						CreatedOnToolsVersion = 14.3.1;
					};
				};
			};
			buildConfigurationList = 30AADBC12AB7B08800ED03FC /* Build configuration list for PBXProject "PersonListApp" */;
			compatibilityVersion = "Xcode 14.0";
			developmentRegion = en;
			hasScannedForEncodings = 0;
			knownRegions = (
				en,
				Base,
			);
			mainGroup = 30AADBBD2AB7B08800ED03FC;
			packageReferences = (
				30AA50C02ABA9DAB00DB26CB /* XCRemoteSwiftPackageReference "RxSwift" */,
			);
			productRefGroup = 30AADBC72AB7B08800ED03FC /* Products */;
			projectDirPath = "";
			projectRoot = "";
			targets = (
				30AADBC52AB7B08800ED03FC /* PersonListApp */,
			);
		};
/* End PBXProject section */

/* Begin PBXResourcesBuildPhase section */
		30AADBC42AB7B08800ED03FC /* Resources */ = {
			isa = PBXResourcesBuildPhase;
			buildActionMask = 2147483647;
			files = (
				30AADBD62AB7B08900ED03FC /* LaunchScreen.storyboard in Resources */,
				30AADBD32AB7B08900ED03FC /* Assets.xcassets in Resources */,
				30AADBD12AB7B08800ED03FC /* Main.storyboard in Resources */,
			);
			runOnlyForDeploymentPostprocessing = 0;
		};
/* End PBXResourcesBuildPhase section */

/* Begin PBXSourcesBuildPhase section */
		30AADBC22AB7B08800ED03FC /* Sources */ = {
			isa = PBXSourcesBuildPhase;
			buildActionMask = 2147483647;
			files = (
				30AADBEA2AB7E30A00ED03FC /* Persons.swift in Sources */,
				30AADBCE2AB7B08800ED03FC /* MainPage.swift in Sources */,
				30AA50CC2ABA9F3800DB26CB /* PersonsDetailsViewModel.swift in Sources */,
				30AADBE42AB7E1E800ED03FC /* PersonRegistration.swift in Sources */,
				30AA50C52ABA9E2F00DB26CB /* PersonsListDaoRepo.swift in Sources */,
				30AADBCA2AB7B08800ED03FC /* AppDelegate.swift in Sources */,
				30AADBCC2AB7B08800ED03FC /* SceneDelegate.swift in Sources */,
				30AA50C82ABA9E9500DB26CB /* MainPageViewModel.swift in Sources */,
				30AA50CA2ABA9F0000DB26CB /* PersonsRegistrationViewModel.swift in Sources */,
				30AADBE62AB7E21100ED03FC /* PersonDetails.swift in Sources */,
				30B8F35E2AB8138300E8D971 /* PersonCell.swift in Sources */,
			);
			runOnlyForDeploymentPostprocessing = 0;
		};
/* End PBXSourcesBuildPhase section */

/* Begin PBXVariantGroup section */
		30AADBCF2AB7B08800ED03FC /* Main.storyboard */ = {
			isa = PBXVariantGroup;
			children = (
				30AADBD02AB7B08800ED03FC /* Base */,
			);
			name = Main.storyboard;
			sourceTree = "<group>";
		};
		30AADBD42AB7B08900ED03FC /* LaunchScreen.storyboard */ = {
			isa = PBXVariantGroup;
			children = (
				30AADBD52AB7B08900ED03FC /* Base */,
			);
			name = LaunchScreen.storyboard;
			sourceTree = "<group>";
		};
/* End PBXVariantGroup section */

/* Begin XCBuildConfiguration section */
		30AADBD82AB7B08900ED03FC /* Debug */ = {
			isa = XCBuildConfiguration;
			buildSettings = {
				ALWAYS_SEARCH_USER_PATHS = NO;
				CLANG_ANALYZER_NONNULL = YES;
				CLANG_ANALYZER_NUMBER_OBJECT_CONVERSION = YES_AGGRESSIVE;
				CLANG_CXX_LANGUAGE_STANDARD = "gnu++20";
				CLANG_ENABLE_MODULES = YES;
				CLANG_ENABLE_OBJC_ARC = YES;
				CLANG_ENABLE_OBJC_WEAK = YES;
				CLANG_WARN_BLOCK_CAPTURE_AUTORELEASING = YES;
				CLANG_WARN_BOOL_CONVERSION = YES;
				CLANG_WARN_COMMA = YES;
				CLANG_WARN_CONSTANT_CONVERSION = YES;
				CLANG_WARN_DEPRECATED_OBJC_IMPLEMENTATIONS = YES;
				CLANG_WARN_DIRECT_OBJC_ISA_USAGE = YES_ERROR;
				CLANG_WARN_DOCUMENTATION_COMMENTS = YES;
				CLANG_WARN_EMPTY_BODY = YES;
				CLANG_WARN_ENUM_CONVERSION = YES;
				CLANG_WARN_INFINITE_RECURSION = YES;
				CLANG_WARN_INT_CONVERSION = YES;
				CLANG_WARN_NON_LITERAL_NULL_CONVERSION = YES;
				CLANG_WARN_OBJC_IMPLICIT_RETAIN_SELF = YES;
				CLANG_WARN_OBJC_LITERAL_CONVERSION = YES;
				CLANG_WARN_OBJC_ROOT_CLASS = YES_ERROR;
				CLANG_WARN_QUOTED_INCLUDE_IN_FRAMEWORK_HEADER = YES;
				CLANG_WARN_RANGE_LOOP_ANALYSIS = YES;
				CLANG_WARN_STRICT_PROTOTYPES = YES;
				CLANG_WARN_SUSPICIOUS_MOVE = YES;
				CLANG_WARN_UNGUARDED_AVAILABILITY = YES_AGGRESSIVE;
				CLANG_WARN_UNREACHABLE_CODE = YES;
				CLANG_WARN__DUPLICATE_METHOD_MATCH = YES;
				COPY_PHASE_STRIP = NO;
				DEBUG_INFORMATION_FORMAT = dwarf;
				ENABLE_STRICT_OBJC_MSGSEND = YES;
				ENABLE_TESTABILITY = YES;
				GCC_C_LANGUAGE_STANDARD = gnu11;
				GCC_DYNAMIC_NO_PIC = NO;
				GCC_NO_COMMON_BLOCKS = YES;
				GCC_OPTIMIZATION_LEVEL = 0;
				GCC_PREPROCESSOR_DEFINITIONS = (
					"DEBUG=1",
					"$(inherited)",
				);
				GCC_WARN_64_TO_32_BIT_CONVERSION = YES;
				GCC_WARN_ABOUT_RETURN_TYPE = YES_ERROR;
				GCC_WARN_UNDECLARED_SELECTOR = YES;
				GCC_WARN_UNINITIALIZED_AUTOS = YES_AGGRESSIVE;
				GCC_WARN_UNUSED_FUNCTION = YES;
				GCC_WARN_UNUSED_VARIABLE = YES;
				IPHONEOS_DEPLOYMENT_TARGET = 16.4;
				MTL_ENABLE_DEBUG_INFO = INCLUDE_SOURCE;
				MTL_FAST_MATH = YES;
				ONLY_ACTIVE_ARCH = YES;
				SDKROOT = iphoneos;
				SWIFT_ACTIVE_COMPILATION_CONDITIONS = DEBUG;
				SWIFT_OPTIMIZATION_LEVEL = "-Onone";
			};
			name = Debug;
		};
		30AADBD92AB7B08900ED03FC /* Release */ = {
			isa = XCBuildConfiguration;
			buildSettings = {
				ALWAYS_SEARCH_USER_PATHS = NO;
				CLANG_ANALYZER_NONNULL = YES;
				CLANG_ANALYZER_NUMBER_OBJECT_CONVERSION = YES_AGGRESSIVE;
				CLANG_CXX_LANGUAGE_STANDARD = "gnu++20";
				CLANG_ENABLE_MODULES = YES;
				CLANG_ENABLE_OBJC_ARC = YES;
				CLANG_ENABLE_OBJC_WEAK = YES;
				CLANG_WARN_BLOCK_CAPTURE_AUTORELEASING = YES;
				CLANG_WARN_BOOL_CONVERSION = YES;
				CLANG_WARN_COMMA = YES;
				CLANG_WARN_CONSTANT_CONVERSION = YES;
				CLANG_WARN_DEPRECATED_OBJC_IMPLEMENTATIONS = YES;
				CLANG_WARN_DIRECT_OBJC_ISA_USAGE = YES_ERROR;
				CLANG_WARN_DOCUMENTATION_COMMENTS = YES;
				CLANG_WARN_EMPTY_BODY = YES;
				CLANG_WARN_ENUM_CONVERSION = YES;
				CLANG_WARN_INFINITE_RECURSION = YES;
				CLANG_WARN_INT_CONVERSION = YES;
				CLANG_WARN_NON_LITERAL_NULL_CONVERSION = YES;
				CLANG_WARN_OBJC_IMPLICIT_RETAIN_SELF = YES;
				CLANG_WARN_OBJC_LITERAL_CONVERSION = YES;
				CLANG_WARN_OBJC_ROOT_CLASS = YES_ERROR;
				CLANG_WARN_QUOTED_INCLUDE_IN_FRAMEWORK_HEADER = YES;
				CLANG_WARN_RANGE_LOOP_ANALYSIS = YES;
				CLANG_WARN_STRICT_PROTOTYPES = YES;
				CLANG_WARN_SUSPICIOUS_MOVE = YES;
				CLANG_WARN_UNGUARDED_AVAILABILITY = YES_AGGRESSIVE;
				CLANG_WARN_UNREACHABLE_CODE = YES;
				CLANG_WARN__DUPLICATE_METHOD_MATCH = YES;
				COPY_PHASE_STRIP = NO;
				DEBUG_INFORMATION_FORMAT = "dwarf-with-dsym";
				ENABLE_NS_ASSERTIONS = NO;
				ENABLE_STRICT_OBJC_MSGSEND = YES;
				GCC_C_LANGUAGE_STANDARD = gnu11;
				GCC_NO_COMMON_BLOCKS = YES;
				GCC_WARN_64_TO_32_BIT_CONVERSION = YES;
				GCC_WARN_ABOUT_RETURN_TYPE = YES_ERROR;
				GCC_WARN_UNDECLARED_SELECTOR = YES;
				GCC_WARN_UNINITIALIZED_AUTOS = YES_AGGRESSIVE;
				GCC_WARN_UNUSED_FUNCTION = YES;
				GCC_WARN_UNUSED_VARIABLE = YES;
				IPHONEOS_DEPLOYMENT_TARGET = 16.4;
				MTL_ENABLE_DEBUG_INFO = NO;
				MTL_FAST_MATH = YES;
				SDKROOT = iphoneos;
				SWIFT_COMPILATION_MODE = wholemodule;
				SWIFT_OPTIMIZATION_LEVEL = "-O";
				VALIDATE_PRODUCT = YES;
			};
			name = Release;
		};
		30AADBDB2AB7B08900ED03FC /* Debug */ = {
			isa = XCBuildConfiguration;
			buildSettings = {
				ASSETCATALOG_COMPILER_APPICON_NAME = AppIcon;
				ASSETCATALOG_COMPILER_GLOBAL_ACCENT_COLOR_NAME = AccentColor;
				CODE_SIGN_STYLE = Automatic;
				CURRENT_PROJECT_VERSION = 1;
				DEVELOPMENT_TEAM = 4CA6D5PFBX;
				GENERATE_INFOPLIST_FILE = YES;
				INFOPLIST_FILE = PersonListApp/SupportingFiles/Info.plist;
				INFOPLIST_KEY_UIApplicationSupportsIndirectInputEvents = YES;
				INFOPLIST_KEY_UILaunchStoryboardName = LaunchScreen;
				INFOPLIST_KEY_UIMainStoryboardFile = Main;
				INFOPLIST_KEY_UISupportedInterfaceOrientations_iPad = "UIInterfaceOrientationPortrait UIInterfaceOrientationPortraitUpsideDown UIInterfaceOrientationLandscapeLeft UIInterfaceOrientationLandscapeRight";
				INFOPLIST_KEY_UISupportedInterfaceOrientations_iPhone = "UIInterfaceOrientationPortrait UIInterfaceOrientationLandscapeLeft UIInterfaceOrientationLandscapeRight";
				LD_RUNPATH_SEARCH_PATHS = (
					"$(inherited)",
					"@executable_path/Frameworks",
				);
				MARKETING_VERSION = 1.0;
				PRODUCT_BUNDLE_IDENTIFIER = com.burakaydin.PersonListApp;
				PRODUCT_NAME = "$(TARGET_NAME)";
				SWIFT_EMIT_LOC_STRINGS = YES;
				SWIFT_VERSION = 5.0;
				TARGETED_DEVICE_FAMILY = "1,2";
			};
			name = Debug;
		};
		30AADBDC2AB7B08900ED03FC /* Release */ = {
			isa = XCBuildConfiguration;
			buildSettings = {
				ASSETCATALOG_COMPILER_APPICON_NAME = AppIcon;
				ASSETCATALOG_COMPILER_GLOBAL_ACCENT_COLOR_NAME = AccentColor;
				CODE_SIGN_STYLE = Automatic;
				CURRENT_PROJECT_VERSION = 1;
				DEVELOPMENT_TEAM = 4CA6D5PFBX;
				GENERATE_INFOPLIST_FILE = YES;
				INFOPLIST_FILE = PersonListApp/SupportingFiles/Info.plist;
				INFOPLIST_KEY_UIApplicationSupportsIndirectInputEvents = YES;
				INFOPLIST_KEY_UILaunchStoryboardName = LaunchScreen;
				INFOPLIST_KEY_UIMainStoryboardFile = Main;
				INFOPLIST_KEY_UISupportedInterfaceOrientations_iPad = "UIInterfaceOrientationPortrait UIInterfaceOrientationPortraitUpsideDown UIInterfaceOrientationLandscapeLeft UIInterfaceOrientationLandscapeRight";
				INFOPLIST_KEY_UISupportedInterfaceOrientations_iPhone = "UIInterfaceOrientationPortrait UIInterfaceOrientationLandscapeLeft UIInterfaceOrientationLandscapeRight";
				LD_RUNPATH_SEARCH_PATHS = (
					"$(inherited)",
					"@executable_path/Frameworks",
				);
				MARKETING_VERSION = 1.0;
				PRODUCT_BUNDLE_IDENTIFIER = com.burakaydin.PersonListApp;
				PRODUCT_NAME = "$(TARGET_NAME)";
				SWIFT_EMIT_LOC_STRINGS = YES;
				SWIFT_VERSION = 5.0;
				TARGETED_DEVICE_FAMILY = "1,2";
			};
			name = Release;
		};
/* End XCBuildConfiguration section */

/* Begin XCConfigurationList section */
		30AADBC12AB7B08800ED03FC /* Build configuration list for PBXProject "PersonListApp" */ = {
			isa = XCConfigurationList;
			buildConfigurations = (
				30AADBD82AB7B08900ED03FC /* Debug */,
				30AADBD92AB7B08900ED03FC /* Release */,
			);
			defaultConfigurationIsVisible = 0;
			defaultConfigurationName = Release;
		};
		30AADBDA2AB7B08900ED03FC /* Build configuration list for PBXNativeTarget "PersonListApp" */ = {
			isa = XCConfigurationList;
			buildConfigurations = (
				30AADBDB2AB7B08900ED03FC /* Debug */,
				30AADBDC2AB7B08900ED03FC /* Release */,
			);
			defaultConfigurationIsVisible = 0;
			defaultConfigurationName = Release;
		};
/* End XCConfigurationList section */

/* Begin XCRemoteSwiftPackageReference section */
		30AA50C02ABA9DAB00DB26CB /* XCRemoteSwiftPackageReference "RxSwift" */ = {
			isa = XCRemoteSwiftPackageReference;
			repositoryURL = "https://github.com/ReactiveX/RxSwift.git";
			requirement = {
				kind = upToNextMajorVersion;
				minimumVersion = 6.0.0;
			};
		};
/* End XCRemoteSwiftPackageReference section */

/* Begin XCSwiftPackageProductDependency section */
		30AA50C12ABA9DAB00DB26CB /* RxSwift */ = {
			isa = XCSwiftPackageProductDependency;
			package = 30AA50C02ABA9DAB00DB26CB /* XCRemoteSwiftPackageReference "RxSwift" */;
			productName = RxSwift;
		};
/* End XCSwiftPackageProductDependency section */
	};
	rootObject = 30AADBBE2AB7B08800ED03FC /* Project object */;
}
